
Microsoft Visual Studio Solution File, Format Version 12.00
# Visual Studio Version 16
VisualStudioVersion = 16.0.31005.135
MinimumVisualStudioVersion = 10.0.40219.1
Project("{FAE04EC0-301F-11D3-BF4B-00C04F79EFBC}") = "Task3", "Task3\Task3.csproj", "{1E9E3E82-2E22-4F6B-93CE-4A6109F9ED79}"
EndProject
Global
	GlobalSection(SolutionConfigurationPlatforms) = preSolution
		Debug|Any CPU = Debug|Any CPU
		Release|Any CPU = Release|Any CPU
	EndGlobalSection
	GlobalSection(ProjectConfigurationPlatforms) = postSolution
		{1E9E3E82-2E22-4F6B-93CE-4A6109F9ED79}.Debug|Any CPU.ActiveCfg = Debug|Any CPU
		{1E9E3E82-2E22-4F6B-93CE-4A6109F9ED79}.Debug|Any CPU.Build.0 = Debug|Any CPU
		{1E9E3E82-2E22-4F6B-93CE-4A6109F9ED79}.Release|Any CPU.ActiveCfg = Release|Any CPU
		{1E9E3E82-2E22-4F6B-93CE-4A6109F9ED79}.Release|Any CPU.Build.0 = Release|Any CPU
	EndGlobalSection
	GlobalSection(SolutionProperties) = preSolution
		HideSolutionNode = FALSE
	EndGlobalSection
	GlobalSection(ExtensibilityGlobals) = postSolution
		SolutionGuid = {59AF5674-0EE4-4267-9158-08B2417B5830}
	EndGlobalSection
EndGlobal
