
Microsoft Visual Studio Solution File, Format Version 12.00
# Visual Studio Version 16
VisualStudioVersion = 16.0.31005.135
MinimumVisualStudioVersion = 10.0.40219.1
Project("{FAE04EC0-301F-11D3-BF4B-00C04F79EFBC}") = "Example1", "Example1\Example1.csproj", "{D51CD480-16CD-4F66-A596-21883AB0F249}"
EndProject
Global
	GlobalSection(SolutionConfigurationPlatforms) = preSolution
		Debug|Any CPU = Debug|Any CPU
		Release|Any CPU = Release|Any CPU
	EndGlobalSection
	GlobalSection(ProjectConfigurationPlatforms) = postSolution
		{D51CD480-16CD-4F66-A596-21883AB0F249}.Debug|Any CPU.ActiveCfg = Debug|Any CPU
		{D51CD480-16CD-4F66-A596-21883AB0F249}.Debug|Any CPU.Build.0 = Debug|Any CPU
		{D51CD480-16CD-4F66-A596-21883AB0F249}.Release|Any CPU.ActiveCfg = Release|Any CPU
		{D51CD480-16CD-4F66-A596-21883AB0F249}.Release|Any CPU.Build.0 = Release|Any CPU
	EndGlobalSection
	GlobalSection(SolutionProperties) = preSolution
		HideSolutionNode = FALSE
	EndGlobalSection
	GlobalSection(ExtensibilityGlobals) = postSolution
		SolutionGuid = {60375093-6B6C-4CBE-9430-6E62A324F78F}
	EndGlobalSection
EndGlobal
