
Microsoft Visual Studio Solution File, Format Version 12.00
# Visual Studio Version 16
VisualStudioVersion = 16.0.31019.35
MinimumVisualStudioVersion = 10.0.40219.1
Project("{FAE04EC0-301F-11D3-BF4B-00C04F79EFBC}") = "Example3", "Example3\Example3.csproj", "{1A6ECFB4-F69D-46F9-AE2B-270A569D9CB0}"
EndProject
Global
	GlobalSection(SolutionConfigurationPlatforms) = preSolution
		Debug|Any CPU = Debug|Any CPU
		Release|Any CPU = Release|Any CPU
	EndGlobalSection
	GlobalSection(ProjectConfigurationPlatforms) = postSolution
		{1A6ECFB4-F69D-46F9-AE2B-270A569D9CB0}.Debug|Any CPU.ActiveCfg = Debug|Any CPU
		{1A6ECFB4-F69D-46F9-AE2B-270A569D9CB0}.Debug|Any CPU.Build.0 = Debug|Any CPU
		{1A6ECFB4-F69D-46F9-AE2B-270A569D9CB0}.Release|Any CPU.ActiveCfg = Release|Any CPU
		{1A6ECFB4-F69D-46F9-AE2B-270A569D9CB0}.Release|Any CPU.Build.0 = Release|Any CPU
	EndGlobalSection
	GlobalSection(SolutionProperties) = preSolution
		HideSolutionNode = FALSE
	EndGlobalSection
	GlobalSection(ExtensibilityGlobals) = postSolution
		SolutionGuid = {1EF175B0-5805-489E-B0BE-DDD31B2D3CA3}
	EndGlobalSection
EndGlobal
