
Microsoft Visual Studio Solution File, Format Version 12.00
# Visual Studio Version 16
VisualStudioVersion = 16.0.31019.35
MinimumVisualStudioVersion = 10.0.40219.1
Project("{FAE04EC0-301F-11D3-BF4B-00C04F79EFBC}") = "Example2", "Example2\Example2.csproj", "{528D588D-6248-4F92-8779-A5AF935428A4}"
EndProject
Global
	GlobalSection(SolutionConfigurationPlatforms) = preSolution
		Debug|Any CPU = Debug|Any CPU
		Release|Any CPU = Release|Any CPU
	EndGlobalSection
	GlobalSection(ProjectConfigurationPlatforms) = postSolution
		{528D588D-6248-4F92-8779-A5AF935428A4}.Debug|Any CPU.ActiveCfg = Debug|Any CPU
		{528D588D-6248-4F92-8779-A5AF935428A4}.Debug|Any CPU.Build.0 = Debug|Any CPU
		{528D588D-6248-4F92-8779-A5AF935428A4}.Release|Any CPU.ActiveCfg = Release|Any CPU
		{528D588D-6248-4F92-8779-A5AF935428A4}.Release|Any CPU.Build.0 = Release|Any CPU
	EndGlobalSection
	GlobalSection(SolutionProperties) = preSolution
		HideSolutionNode = FALSE
	EndGlobalSection
	GlobalSection(ExtensibilityGlobals) = postSolution
		SolutionGuid = {97F8CA30-31B3-4F57-B20F-C05D53ADD38D}
	EndGlobalSection
EndGlobal
