
Microsoft Visual Studio Solution File, Format Version 12.00
# Visual Studio Version 16
VisualStudioVersion = 16.0.31005.135
MinimumVisualStudioVersion = 10.0.40219.1
Project("{FAE04EC0-301F-11D3-BF4B-00C04F79EFBC}") = "Task4", "Task4\Task4.csproj", "{024AC31B-E4EB-43E8-9F1E-7EFCFA7BF6FF}"
EndProject
Global
	GlobalSection(SolutionConfigurationPlatforms) = preSolution
		Debug|Any CPU = Debug|Any CPU
		Release|Any CPU = Release|Any CPU
	EndGlobalSection
	GlobalSection(ProjectConfigurationPlatforms) = postSolution
		{024AC31B-E4EB-43E8-9F1E-7EFCFA7BF6FF}.Debug|Any CPU.ActiveCfg = Debug|Any CPU
		{024AC31B-E4EB-43E8-9F1E-7EFCFA7BF6FF}.Debug|Any CPU.Build.0 = Debug|Any CPU
		{024AC31B-E4EB-43E8-9F1E-7EFCFA7BF6FF}.Release|Any CPU.ActiveCfg = Release|Any CPU
		{024AC31B-E4EB-43E8-9F1E-7EFCFA7BF6FF}.Release|Any CPU.Build.0 = Release|Any CPU
	EndGlobalSection
	GlobalSection(SolutionProperties) = preSolution
		HideSolutionNode = FALSE
	EndGlobalSection
	GlobalSection(ExtensibilityGlobals) = postSolution
		SolutionGuid = {7446A0E8-ABEF-484A-9FC0-F9AB97B8271A}
	EndGlobalSection
EndGlobal
