
Microsoft Visual Studio Solution File, Format Version 12.00
# Visual Studio Version 16
VisualStudioVersion = 16.0.31005.135
MinimumVisualStudioVersion = 10.0.40219.1
Project("{FAE04EC0-301F-11D3-BF4B-00C04F79EFBC}") = "Example2", "Example2\Example2.csproj", "{20590AA3-52F9-4267-9185-21634A0BF42D}"
EndProject
Global
	GlobalSection(SolutionConfigurationPlatforms) = preSolution
		Debug|Any CPU = Debug|Any CPU
		Release|Any CPU = Release|Any CPU
	EndGlobalSection
	GlobalSection(ProjectConfigurationPlatforms) = postSolution
		{20590AA3-52F9-4267-9185-21634A0BF42D}.Debug|Any CPU.ActiveCfg = Debug|Any CPU
		{20590AA3-52F9-4267-9185-21634A0BF42D}.Debug|Any CPU.Build.0 = Debug|Any CPU
		{20590AA3-52F9-4267-9185-21634A0BF42D}.Release|Any CPU.ActiveCfg = Release|Any CPU
		{20590AA3-52F9-4267-9185-21634A0BF42D}.Release|Any CPU.Build.0 = Release|Any CPU
	EndGlobalSection
	GlobalSection(SolutionProperties) = preSolution
		HideSolutionNode = FALSE
	EndGlobalSection
	GlobalSection(ExtensibilityGlobals) = postSolution
		SolutionGuid = {6408F9B4-10E9-4393-B51C-CFE95327581E}
	EndGlobalSection
EndGlobal
